// !$*UTF8*$!
{
	archiveVersion = 1;
	classes = {
	};
	objectVersion = 56;
	objects = {

/* Begin PBXBuildFile section */
		4A2859E12DAD53EF00370A66 /* RecipeDetailView.swift in Sources */ = {isa = PBXBuildFile; fileRef = 4A2859E02DAD53EF00370A66 /* RecipeDetailView.swift */; };
		4AB39F5A2D8B7CA90010E748 /* recipe_appApp.swift in Sources */ = {isa = PBXBuildFile; fileRef = 4AB39F592D8B7CA90010E748 /* recipe_appApp.swift */; };
		4AB39F5C2D8B7CA90010E748 /* ContentView.swift in Sources */ = {isa = PBXBuildFile; fileRef = 4AB39F5B2D8B7CA90010E748 /* ContentView.swift */; };
		4AB39F5E2D8B7CAA0010E748 /* Assets.xcassets in Resources */ = {isa = PBXBuildFile; fileRef = 4AB39F5D2D8B7CAA0010E748 /* Assets.xcassets */; };
		4AB39F612D8B7CAA0010E748 /* Preview Assets.xcassets in Resources */ = {isa = PBXBuildFile; fileRef = 4AB39F602D8B7CAA0010E748 /* Preview Assets.xcassets */; };
		4AB39F632D8B7CAA0010E748 /* Persistence.swift in Sources */ = {isa = PBXBuildFile; fileRef = 4AB39F622D8B7CAA0010E748 /* Persistence.swift */; };
		4AB39F662D8B7CAA0010E748 /* recipe_app.xcdatamodeld in Sources */ = {isa = PBXBuildFile; fileRef = 4AB39F642D8B7CAA0010E748 /* recipe_app.xcdatamodeld */; };
		4AB39F6D2D8B7CFA0010E748 /* HomeView.swift in Sources */ = {isa = PBXBuildFile; fileRef = 4AB39F6C2D8B7CFA0010E748 /* HomeView.swift */; };
		4AB39F6F2D8B7D050010E748 /* DiscoverView.swift in Sources */ = {isa = PBXBuildFile; fileRef = 4AB39F6E2D8B7D050010E748 /* DiscoverView.swift */; };
		4AB39F712D8B7D170010E748 /* FavoritesView.swift in Sources */ = {isa = PBXBuildFile; fileRef = 4AB39F702D8B7D170010E748 /* FavoritesView.swift */; };
		4AB39F732D8B7D2B0010E748 /* SettingsView.swift in Sources */ = {isa = PBXBuildFile; fileRef = 4AB39F722D8B7D2B0010E748 /* SettingsView.swift */; };
		4AB39F752D8B7E240010E748 /* Recipe.swift in Sources */ = {isa = PBXBuildFile; fileRef = 4AB39F742D8B7E240010E748 /* Recipe.swift */; };
		4AB39F772D8B7E370010E748 /* RecipeData.swift in Sources */ = {isa = PBXBuildFile; fileRef = 4AB39F762D8B7E370010E748 /* RecipeData.swift */; };
		4AB39F792D8B7E630010E748 /* RecipeCardView.swift in Sources */ = {isa = PBXBuildFile; fileRef = 4AB39F782D8B7E630010E748 /* RecipeCardView.swift */; };
		4AB39F7D2D8B867F0010E748 /* AboutView.swift in Sources */ = {isa = PBXBuildFile; fileRef = 4AB39F7C2D8B867F0010E748 /* AboutView.swift */; };
/* End PBXBuildFile section */

/* Begin PBXFileReference section */
		4A2859E02DAD53EF00370A66 /* RecipeDetailView.swift */ = {isa = PBXFileReference; lastKnownFileType = sourcecode.swift; path = RecipeDetailView.swift; sourceTree = "<group>"; };
		4AB39F562D8B7CA90010E748 /* recipe-app.app */ = {isa = PBXFileReference; explicitFileType = wrapper.application; includeInIndex = 0; path = "recipe-app.app"; sourceTree = BUILT_PRODUCTS_DIR; };
		4AB39F592D8B7CA90010E748 /* recipe_appApp.swift */ = {isa = PBXFileReference; lastKnownFileType = sourcecode.swift; path = recipe_appApp.swift; sourceTree = "<group>"; };
		4AB39F5B2D8B7CA90010E748 /* ContentView.swift */ = {isa = PBXFileReference; lastKnownFileType = sourcecode.swift; path = ContentView.swift; sourceTree = "<group>"; };
		4AB39F5D2D8B7CAA0010E748 /* Assets.xcassets */ = {isa = PBXFileReference; lastKnownFileType = folder.assetcatalog; path = Assets.xcassets; sourceTree = "<group>"; };
		4AB39F602D8B7CAA0010E748 /* Preview Assets.xcassets */ = {isa = PBXFileReference; lastKnownFileType = folder.assetcatalog; path = "Preview Assets.xcassets"; sourceTree = "<group>"; };
		4AB39F622D8B7CAA0010E748 /* Persistence.swift */ = {isa = PBXFileReference; lastKnownFileType = sourcecode.swift; path = Persistence.swift; sourceTree = "<group>"; };
		4AB39F652D8B7CAA0010E748 /* recipe_app.xcdatamodel */ = {isa = PBXFileReference; lastKnownFileType = wrapper.xcdatamodel; path = recipe_app.xcdatamodel; sourceTree = "<group>"; };
		4AB39F6C2D8B7CFA0010E748 /* HomeView.swift */ = {isa = PBXFileReference; lastKnownFileType = sourcecode.swift; path = HomeView.swift; sourceTree = "<group>"; };
		4AB39F6E2D8B7D050010E748 /* DiscoverView.swift */ = {isa = PBXFileReference; lastKnownFileType = sourcecode.swift; path = DiscoverView.swift; sourceTree = "<group>"; };
		4AB39F702D8B7D170010E748 /* FavoritesView.swift */ = {isa = PBXFileReference; lastKnownFileType = sourcecode.swift; path = FavoritesView.swift; sourceTree = "<group>"; };
		4AB39F722D8B7D2B0010E748 /* SettingsView.swift */ = {isa = PBXFileReference; lastKnownFileType = sourcecode.swift; path = SettingsView.swift; sourceTree = "<group>"; };
		4AB39F742D8B7E240010E748 /* Recipe.swift */ = {isa = PBXFileReference; lastKnownFileType = sourcecode.swift; path = Recipe.swift; sourceTree = "<group>"; };
		4AB39F762D8B7E370010E748 /* RecipeData.swift */ = {isa = PBXFileReference; lastKnownFileType = sourcecode.swift; path = RecipeData.swift; sourceTree = "<group>"; };
		4AB39F782D8B7E630010E748 /* RecipeCardView.swift */ = {isa = PBXFileReference; lastKnownFileType = sourcecode.swift; path = RecipeCardView.swift; sourceTree = "<group>"; };
		4AB39F7C2D8B867F0010E748 /* AboutView.swift */ = {isa = PBXFileReference; lastKnownFileType = sourcecode.swift; path = AboutView.swift; sourceTree = "<group>"; };
/* End PBXFileReference section */

/* Begin PBXFrameworksBuildPhase section */
		4AB39F532D8B7CA90010E748 /* Frameworks */ = {
			isa = PBXFrameworksBuildPhase;
			buildActionMask = 2147483647;
			files = (
			);
			runOnlyForDeploymentPostprocessing = 0;
		};
/* End PBXFrameworksBuildPhase section */

/* Begin PBXGroup section */
		4AB39F4D2D8B7CA90010E748 = {
			isa = PBXGroup;
			children = (
				4AB39F582D8B7CA90010E748 /* recipe-app */,
				4AB39F572D8B7CA90010E748 /* Products */,
			);
			sourceTree = "<group>";
		};
		4AB39F572D8B7CA90010E748 /* Products */ = {
			isa = PBXGroup;
			children = (
				4AB39F562D8B7CA90010E748 /* recipe-app.app */,
			);
			name = Products;
			sourceTree = "<group>";
		};
		4AB39F582D8B7CA90010E748 /* recipe-app */ = {
			isa = PBXGroup;
			children = (
				4AB39F592D8B7CA90010E748 /* recipe_appApp.swift */,
				4AB39F5B2D8B7CA90010E748 /* ContentView.swift */,
				4AB39F5D2D8B7CAA0010E748 /* Assets.xcassets */,
				4AB39F622D8B7CAA0010E748 /* Persistence.swift */,
				4AB39F642D8B7CAA0010E748 /* recipe_app.xcdatamodeld */,
				4AB39F5F2D8B7CAA0010E748 /* Preview Content */,
				4AB39F6C2D8B7CFA0010E748 /* HomeView.swift */,
				4AB39F6E2D8B7D050010E748 /* DiscoverView.swift */,
				4AB39F702D8B7D170010E748 /* FavoritesView.swift */,
				4AB39F722D8B7D2B0010E748 /* SettingsView.swift */,
				4AB39F742D8B7E240010E748 /* Recipe.swift */,
				4AB39F762D8B7E370010E748 /* RecipeData.swift */,
				4AB39F782D8B7E630010E748 /* RecipeCardView.swift */,
				4AB39F7C2D8B867F0010E748 /* AboutView.swift */,
				4A2859E02DAD53EF00370A66 /* RecipeDetailView.swift */,
			);
			path = "recipe-app";
			sourceTree = "<group>";
		};
		4AB39F5F2D8B7CAA0010E748 /* Preview Content */ = {
			isa = PBXGroup;
			children = (
				4AB39F602D8B7CAA0010E748 /* Preview Assets.xcassets */,
			);
			path = "Preview Content";
			sourceTree = "<group>";
		};
/* End PBXGroup section */

/* Begin PBXNativeTarget section */
		4AB39F552D8B7CA90010E748 /* recipe-app */ = {
			isa = PBXNativeTarget;
			buildConfigurationList = 4AB39F692D8B7CAA0010E748 /* Build configuration list for PBXNativeTarget "recipe-app" */;
			buildPhases = (
				4AB39F522D8B7CA90010E748 /* Sources */,
				4AB39F532D8B7CA90010E748 /* Frameworks */,
				4AB39F542D8B7CA90010E748 /* Resources */,
			);
			buildRules = (
			);
			dependencies = (
			);
			name = "recipe-app";
			productName = "recipe-app";
			productReference = 4AB39F562D8B7CA90010E748 /* recipe-app.app */;
			productType = "com.apple.product-type.application";
		};
/* End PBXNativeTarget section */

/* Begin PBXProject section */
		4AB39F4E2D8B7CA90010E748 /* Project object */ = {
			isa = PBXProject;
			attributes = {
				BuildIndependentTargetsInParallel = 1;
				LastSwiftUpdateCheck = 1520;
				LastUpgradeCheck = 1520;
				TargetAttributes = {
					4AB39F552D8B7CA90010E748 = {
						CreatedOnToolsVersion = 15.2;
					};
				};
			};
			buildConfigurationList = 4AB39F512D8B7CA90010E748 /* Build configuration list for PBXProject "recipe-app" */;
			compatibilityVersion = "Xcode 14.0";
			developmentRegion = en;
			hasScannedForEncodings = 0;
			knownRegions = (
				en,
				Base,
			);
			mainGroup = 4AB39F4D2D8B7CA90010E748;
			productRefGroup = 4AB39F572D8B7CA90010E748 /* Products */;
			projectDirPath = "";
			projectRoot = "";
			targets = (
				4AB39F552D8B7CA90010E748 /* recipe-app */,
			);
		};
/* End PBXProject section */

/* Begin PBXResourcesBuildPhase section */
		4AB39F542D8B7CA90010E748 /* Resources */ = {
			isa = PBXResourcesBuildPhase;
			buildActionMask = 2147483647;
			files = (
				4AB39F612D8B7CAA0010E748 /* Preview Assets.xcassets in Resources */,
				4AB39F5E2D8B7CAA0010E748 /* Assets.xcassets in Resources */,
			);
			runOnlyForDeploymentPostprocessing = 0;
		};
/* End PBXResourcesBuildPhase section */

/* Begin PBXSourcesBuildPhase section */
		4AB39F522D8B7CA90010E748 /* Sources */ = {
			isa = PBXSourcesBuildPhase;
			buildActionMask = 2147483647;
			files = (
				4AB39F632D8B7CAA0010E748 /* Persistence.swift in Sources */,
				4AB39F792D8B7E630010E748 /* RecipeCardView.swift in Sources */,
				4A2859E12DAD53EF00370A66 /* RecipeDetailView.swift in Sources */,
				4AB39F732D8B7D2B0010E748 /* SettingsView.swift in Sources */,
				4AB39F5C2D8B7CA90010E748 /* ContentView.swift in Sources */,
				4AB39F7D2D8B867F0010E748 /* AboutView.swift in Sources */,
				4AB39F5A2D8B7CA90010E748 /* recipe_appApp.swift in Sources */,
				4AB39F6D2D8B7CFA0010E748 /* HomeView.swift in Sources */,
				4AB39F712D8B7D170010E748 /* FavoritesView.swift in Sources */,
				4AB39F752D8B7E240010E748 /* Recipe.swift in Sources */,
				4AB39F772D8B7E370010E748 /* RecipeData.swift in Sources */,
				4AB39F662D8B7CAA0010E748 /* recipe_app.xcdatamodeld in Sources */,
				4AB39F6F2D8B7D050010E748 /* DiscoverView.swift in Sources */,
			);
			runOnlyForDeploymentPostprocessing = 0;
		};
/* End PBXSourcesBuildPhase section */

/* Begin XCBuildConfiguration section */
		4AB39F672D8B7CAA0010E748 /* Debug */ = {
			isa = XCBuildConfiguration;
			buildSettings = {
				ALWAYS_SEARCH_USER_PATHS = NO;
				ASSETCATALOG_COMPILER_GENERATE_SWIFT_ASSET_SYMBOL_EXTENSIONS = YES;
				CLANG_ANALYZER_NONNULL = YES;
				CLANG_ANALYZER_NUMBER_OBJECT_CONVERSION = YES_AGGRESSIVE;
				CLANG_CXX_LANGUAGE_STANDARD = "gnu++20";
				CLANG_ENABLE_MODULES = YES;
				CLANG_ENABLE_OBJC_ARC = YES;
				CLANG_ENABLE_OBJC_WEAK = YES;
				CLANG_WARN_BLOCK_CAPTURE_AUTORELEASING = YES;
				CLANG_WARN_BOOL_CONVERSION = YES;
				CLANG_WARN_COMMA = YES;
				CLANG_WARN_CONSTANT_CONVERSION = YES;
				CLANG_WARN_DEPRECATED_OBJC_IMPLEMENTATIONS = YES;
				CLANG_WARN_DIRECT_OBJC_ISA_USAGE = YES_ERROR;
				CLANG_WARN_DOCUMENTATION_COMMENTS = YES;
				CLANG_WARN_EMPTY_BODY = YES;
				CLANG_WARN_ENUM_CONVERSION = YES;
				CLANG_WARN_INFINITE_RECURSION = YES;
				CLANG_WARN_INT_CONVERSION = YES;
				CLANG_WARN_NON_LITERAL_NULL_CONVERSION = YES;
				CLANG_WARN_OBJC_IMPLICIT_RETAIN_SELF = YES;
				CLANG_WARN_OBJC_LITERAL_CONVERSION = YES;
				CLANG_WARN_OBJC_ROOT_CLASS = YES_ERROR;
				CLANG_WARN_QUOTED_INCLUDE_IN_FRAMEWORK_HEADER = YES;
				CLANG_WARN_RANGE_LOOP_ANALYSIS = YES;
				CLANG_WARN_STRICT_PROTOTYPES = YES;
				CLANG_WARN_SUSPICIOUS_MOVE = YES;
				CLANG_WARN_UNGUARDED_AVAILABILITY = YES_AGGRESSIVE;
				CLANG_WARN_UNREACHABLE_CODE = YES;
				CLANG_WARN__DUPLICATE_METHOD_MATCH = YES;
				COPY_PHASE_STRIP = NO;
				DEBUG_INFORMATION_FORMAT = dwarf;
				ENABLE_STRICT_OBJC_MSGSEND = YES;
				ENABLE_TESTABILITY = YES;
				ENABLE_USER_SCRIPT_SANDBOXING = YES;
				GCC_C_LANGUAGE_STANDARD = gnu17;
				GCC_DYNAMIC_NO_PIC = NO;
				GCC_NO_COMMON_BLOCKS = YES;
				GCC_OPTIMIZATION_LEVEL = 0;
				GCC_PREPROCESSOR_DEFINITIONS = (
					"DEBUG=1",
					"$(inherited)",
				);
				GCC_WARN_64_TO_32_BIT_CONVERSION = YES;
				GCC_WARN_ABOUT_RETURN_TYPE = YES_ERROR;
				GCC_WARN_UNDECLARED_SELECTOR = YES;
				GCC_WARN_UNINITIALIZED_AUTOS = YES_AGGRESSIVE;
				GCC_WARN_UNUSED_FUNCTION = YES;
				GCC_WARN_UNUSED_VARIABLE = YES;
				IPHONEOS_DEPLOYMENT_TARGET = 17.2;
				LOCALIZATION_PREFERS_STRING_CATALOGS = YES;
				MTL_ENABLE_DEBUG_INFO = INCLUDE_SOURCE;
				MTL_FAST_MATH = YES;
				ONLY_ACTIVE_ARCH = YES;
				SDKROOT = iphoneos;
				SWIFT_ACTIVE_COMPILATION_CONDITIONS = "DEBUG $(inherited)";
				SWIFT_OPTIMIZATION_LEVEL = "-Onone";
			};
			name = Debug;
		};
		4AB39F682D8B7CAA0010E748 /* Release */ = {
			isa = XCBuildConfiguration;
			buildSettings = {
				ALWAYS_SEARCH_USER_PATHS = NO;
				ASSETCATALOG_COMPILER_GENERATE_SWIFT_ASSET_SYMBOL_EXTENSIONS = YES;
				CLANG_ANALYZER_NONNULL = YES;
				CLANG_ANALYZER_NUMBER_OBJECT_CONVERSION = YES_AGGRESSIVE;
				CLANG_CXX_LANGUAGE_STANDARD = "gnu++20";
				CLANG_ENABLE_MODULES = YES;
				CLANG_ENABLE_OBJC_ARC = YES;
				CLANG_ENABLE_OBJC_WEAK = YES;
				CLANG_WARN_BLOCK_CAPTURE_AUTORELEASING = YES;
				CLANG_WARN_BOOL_CONVERSION = YES;
				CLANG_WARN_COMMA = YES;
				CLANG_WARN_CONSTANT_CONVERSION = YES;
				CLANG_WARN_DEPRECATED_OBJC_IMPLEMENTATIONS = YES;
				CLANG_WARN_DIRECT_OBJC_ISA_USAGE = YES_ERROR;
				CLANG_WARN_DOCUMENTATION_COMMENTS = YES;
				CLANG_WARN_EMPTY_BODY = YES;
				CLANG_WARN_ENUM_CONVERSION = YES;
				CLANG_WARN_INFINITE_RECURSION = YES;
				CLANG_WARN_INT_CONVERSION = YES;
				CLANG_WARN_NON_LITERAL_NULL_CONVERSION = YES;
				CLANG_WARN_OBJC_IMPLICIT_RETAIN_SELF = YES;
				CLANG_WARN_OBJC_LITERAL_CONVERSION = YES;
				CLANG_WARN_OBJC_ROOT_CLASS = YES_ERROR;
				CLANG_WARN_QUOTED_INCLUDE_IN_FRAMEWORK_HEADER = YES;
				CLANG_WARN_RANGE_LOOP_ANALYSIS = YES;
				CLANG_WARN_STRICT_PROTOTYPES = YES;
				CLANG_WARN_SUSPICIOUS_MOVE = YES;
				CLANG_WARN_UNGUARDED_AVAILABILITY = YES_AGGRESSIVE;
				CLANG_WARN_UNREACHABLE_CODE = YES;
				CLANG_WARN__DUPLICATE_METHOD_MATCH = YES;
				COPY_PHASE_STRIP = NO;
				DEBUG_INFORMATION_FORMAT = "dwarf-with-dsym";
				ENABLE_NS_ASSERTIONS = NO;
				ENABLE_STRICT_OBJC_MSGSEND = YES;
				ENABLE_USER_SCRIPT_SANDBOXING = YES;
				GCC_C_LANGUAGE_STANDARD = gnu17;
				GCC_NO_COMMON_BLOCKS = YES;
				GCC_WARN_64_TO_32_BIT_CONVERSION = YES;
				GCC_WARN_ABOUT_RETURN_TYPE = YES_ERROR;
				GCC_WARN_UNDECLARED_SELECTOR = YES;
				GCC_WARN_UNINITIALIZED_AUTOS = YES_AGGRESSIVE;
				GCC_WARN_UNUSED_FUNCTION = YES;
				GCC_WARN_UNUSED_VARIABLE = YES;
				IPHONEOS_DEPLOYMENT_TARGET = 17.2;
				LOCALIZATION_PREFERS_STRING_CATALOGS = YES;
				MTL_ENABLE_DEBUG_INFO = NO;
				MTL_FAST_MATH = YES;
				SDKROOT = iphoneos;
				SWIFT_COMPILATION_MODE = wholemodule;
				VALIDATE_PRODUCT = YES;
			};
			name = Release;
		};
		4AB39F6A2D8B7CAA0010E748 /* Debug */ = {
			isa = XCBuildConfiguration;
			buildSettings = {
				ASSETCATALOG_COMPILER_APPICON_NAME = AppIcon;
				ASSETCATALOG_COMPILER_GLOBAL_ACCENT_COLOR_NAME = AccentColor;
				CODE_SIGN_STYLE = Automatic;
				CURRENT_PROJECT_VERSION = 1;
				DEVELOPMENT_ASSET_PATHS = "\"recipe-app/Preview Content\"";
				ENABLE_PREVIEWS = YES;
				GENERATE_INFOPLIST_FILE = YES;
				INFOPLIST_KEY_UIApplicationSceneManifest_Generation = YES;
				INFOPLIST_KEY_UIApplicationSupportsIndirectInputEvents = YES;
				INFOPLIST_KEY_UILaunchScreen_Generation = YES;
				INFOPLIST_KEY_UISupportedInterfaceOrientations_iPad = "UIInterfaceOrientationPortrait UIInterfaceOrientationPortraitUpsideDown UIInterfaceOrientationLandscapeLeft UIInterfaceOrientationLandscapeRight";
				INFOPLIST_KEY_UISupportedInterfaceOrientations_iPhone = "UIInterfaceOrientationPortrait UIInterfaceOrientationLandscapeLeft UIInterfaceOrientationLandscapeRight";
				LD_RUNPATH_SEARCH_PATHS = (
					"$(inherited)",
					"@executable_path/Frameworks",
				);
				MARKETING_VERSION = 1.0;
				PRODUCT_BUNDLE_IDENTIFIER = "com.harry.recipe-app";
				PRODUCT_NAME = "$(TARGET_NAME)";
				SWIFT_EMIT_LOC_STRINGS = YES;
				SWIFT_VERSION = 5.0;
				TARGETED_DEVICE_FAMILY = "1,2";
			};
			name = Debug;
		};
		4AB39F6B2D8B7CAA0010E748 /* Release */ = {
			isa = XCBuildConfiguration;
			buildSettings = {
				ASSETCATALOG_COMPILER_APPICON_NAME = AppIcon;
				ASSETCATALOG_COMPILER_GLOBAL_ACCENT_COLOR_NAME = AccentColor;
				CODE_SIGN_STYLE = Automatic;
				CURRENT_PROJECT_VERSION = 1;
				DEVELOPMENT_ASSET_PATHS = "\"recipe-app/Preview Content\"";
				ENABLE_PREVIEWS = YES;
				GENERATE_INFOPLIST_FILE = YES;
				INFOPLIST_KEY_UIApplicationSceneManifest_Generation = YES;
				INFOPLIST_KEY_UIApplicationSupportsIndirectInputEvents = YES;
				INFOPLIST_KEY_UILaunchScreen_Generation = YES;
				INFOPLIST_KEY_UISupportedInterfaceOrientations_iPad = "UIInterfaceOrientationPortrait UIInterfaceOrientationPortraitUpsideDown UIInterfaceOrientationLandscapeLeft UIInterfaceOrientationLandscapeRight";
				INFOPLIST_KEY_UISupportedInterfaceOrientations_iPhone = "UIInterfaceOrientationPortrait UIInterfaceOrientationLandscapeLeft UIInterfaceOrientationLandscapeRight";
				LD_RUNPATH_SEARCH_PATHS = (
					"$(inherited)",
					"@executable_path/Frameworks",
				);
				MARKETING_VERSION = 1.0;
				PRODUCT_BUNDLE_IDENTIFIER = "com.harry.recipe-app";
				PRODUCT_NAME = "$(TARGET_NAME)";
				SWIFT_EMIT_LOC_STRINGS = YES;
				SWIFT_VERSION = 5.0;
				TARGETED_DEVICE_FAMILY = "1,2";
			};
			name = Release;
		};
/* End XCBuildConfiguration section */

/* Begin XCConfigurationList section */
		4AB39F512D8B7CA90010E748 /* Build configuration list for PBXProject "recipe-app" */ = {
			isa = XCConfigurationList;
			buildConfigurations = (
				4AB39F672D8B7CAA0010E748 /* Debug */,
				4AB39F682D8B7CAA0010E748 /* Release */,
			);
			defaultConfigurationIsVisible = 0;
			defaultConfigurationName = Release;
		};
		4AB39F692D8B7CAA0010E748 /* Build configuration list for PBXNativeTarget "recipe-app" */ = {
			isa = XCConfigurationList;
			buildConfigurations = (
				4AB39F6A2D8B7CAA0010E748 /* Debug */,
				4AB39F6B2D8B7CAA0010E748 /* Release */,
			);
			defaultConfigurationIsVisible = 0;
			defaultConfigurationName = Release;
		};
/* End XCConfigurationList section */

/* Begin XCVersionGroup section */
		4AB39F642D8B7CAA0010E748 /* recipe_app.xcdatamodeld */ = {
			isa = XCVersionGroup;
			children = (
				4AB39F652D8B7CAA0010E748 /* recipe_app.xcdatamodel */,
			);
			currentVersion = 4AB39F652D8B7CAA0010E748 /* recipe_app.xcdatamodel */;
			path = recipe_app.xcdatamodeld;
			sourceTree = "<group>";
			versionGroupType = wrapper.xcdatamodel;
		};
/* End XCVersionGroup section */
	};
	rootObject = 4AB39F4E2D8B7CA90010E748 /* Project object */;
}
